# THIS IS AN AUTOGENERATED FILE. DO NOT EDIT THIS FILE DIRECTLY.
# yarn lockfile v1


vue-session@^1.0.0:
  version "1.0.0"
  resolved "https://registry.yarnpkg.com/vue-session/-/vue-session-1.0.0.tgz#ca642c751f569a48f8dd66f356f1727fbe081f7c"
  integrity sha512-Ep9lRKGgCZdcGV3In3R3zoSp5Wr+hlcIc8WJ9BG+QKzibwaFZnnvp9HBVdd+dU8d6HGLSi5sWywDmd5MkrkfoQ==
